
Microsoft Visual Studio Solution File, Format Version 12.00
# Visual Studio Version 17
VisualStudioVersion = 17.9.34728.123
MinimumVisualStudioVersion = 10.0.40219.1
Project("{FAE04EC0-301F-11D3-BF4B-00C04F79EFBC}") = "Practice", "Practice\Practice.csproj", "{508D2D59-7F91-440C-A512-0AF82A1DA014}"
EndProject
Global
	GlobalSection(SolutionConfigurationPlatforms) = preSolution
		Debug|Any CPU = Debug|Any CPU
		Release|Any CPU = Release|Any CPU
	EndGlobalSection
	GlobalSection(ProjectConfigurationPlatforms) = postSolution
		{508D2D59-7F91-440C-A512-0AF82A1DA014}.Debug|Any CPU.ActiveCfg = Debug|Any CPU
		{508D2D59-7F91-440C-A512-0AF82A1DA014}.Debug|Any CPU.Build.0 = Debug|Any CPU
		{508D2D59-7F91-440C-A512-0AF82A1DA014}.Release|Any CPU.ActiveCfg = Release|Any CPU
		{508D2D59-7F91-440C-A512-0AF82A1DA014}.Release|Any CPU.Build.0 = Release|Any CPU
	EndGlobalSection
	GlobalSection(SolutionProperties) = preSolution
		HideSolutionNode = FALSE
	EndGlobalSection
	GlobalSection(ExtensibilityGlobals) = postSolution
		SolutionGuid = {1FAA1003-342D-42C8-875E-B10AC745E037}
	EndGlobalSection
EndGlobal
